
Microsoft Visual Studio Solution File, Format Version 12.00
# Visual Studio Version 16
VisualStudioVersion = 16.0.30717.126
MinimumVisualStudioVersion = 10.0.40219.1
Project("{9A19103F-16F7-4668-BE54-9A1E7A4F7556}") = "AdventOfCode2020", "src\AdventOfCode2020.csproj", "{328C7214-2487-4D57-9083-6A62F9054E25}"
EndProject
Project("{2150E333-8FDC-42A3-9474-1A3956D46DE8}") = "Solution Items", "Solution Items", "{ECB93122-510E-4A78-8BD2-A7FB117E03FE}"
	ProjectSection(SolutionItems) = preProject
		.editorconfig = .editorconfig
	EndProjectSection
EndProject
Project("{FAE04EC0-301F-11D3-BF4B-00C04F79EFBC}") = "AdventOfCode2020.Tests", "tests\AdventOfCode2020.Tests.csproj", "{D75B09C1-CB2E-4393-B26C-0977557E63CD}"
EndProject
Global
	GlobalSection(SolutionConfigurationPlatforms) = preSolution
		Debug|Any CPU = Debug|Any CPU
		Release|Any CPU = Release|Any CPU
	EndGlobalSection
	GlobalSection(ProjectConfigurationPlatforms) = postSolution
		{328C7214-2487-4D57-9083-6A62F9054E25}.Debug|Any CPU.ActiveCfg = Debug|Any CPU
		{328C7214-2487-4D57-9083-6A62F9054E25}.Debug|Any CPU.Build.0 = Debug|Any CPU
		{328C7214-2487-4D57-9083-6A62F9054E25}.Release|Any CPU.ActiveCfg = Release|Any CPU
		{328C7214-2487-4D57-9083-6A62F9054E25}.Release|Any CPU.Build.0 = Release|Any CPU
		{D75B09C1-CB2E-4393-B26C-0977557E63CD}.Debug|Any CPU.ActiveCfg = Debug|Any CPU
		{D75B09C1-CB2E-4393-B26C-0977557E63CD}.Debug|Any CPU.Build.0 = Debug|Any CPU
		{D75B09C1-CB2E-4393-B26C-0977557E63CD}.Release|Any CPU.ActiveCfg = Release|Any CPU
		{D75B09C1-CB2E-4393-B26C-0977557E63CD}.Release|Any CPU.Build.0 = Release|Any CPU
	EndGlobalSection
	GlobalSection(SolutionProperties) = preSolution
		HideSolutionNode = FALSE
	EndGlobalSection
	GlobalSection(ExtensibilityGlobals) = postSolution
		SolutionGuid = {7F109268-3FC1-44EF-891E-7568C8757806}
	EndGlobalSection
EndGlobal
